
Microsoft Visual Studio Solution File, Format Version 12.00
# Visual Studio Version 17
VisualStudioVersion = 17.2.32630.192
MinimumVisualStudioVersion = 10.0.40219.1
Project("{9A19103F-16F7-4668-BE54-9A1E7A4F7556}") = "ns.utils", "utils\ns.utils.csproj", "{EDCC2083-5F0E-42AD-B384-880963DE49A2}"
EndProject
Project("{9A19103F-16F7-4668-BE54-9A1E7A4F7556}") = "ns.utils.corenet", "utils.corenet\ns.utils.corenet.csproj", "{78C552DA-0A39-4E6B-BA55-602CC3F9FF36}"
EndProject
Global
	GlobalSection(SolutionConfigurationPlatforms) = preSolution
		Debug|Any CPU = Debug|Any CPU
		Release|Any CPU = Release|Any CPU
	EndGlobalSection
	GlobalSection(ProjectConfigurationPlatforms) = postSolution
		{EDCC2083-5F0E-42AD-B384-880963DE49A2}.Debug|Any CPU.ActiveCfg = Debug|Any CPU
		{EDCC2083-5F0E-42AD-B384-880963DE49A2}.Debug|Any CPU.Build.0 = Debug|Any CPU
		{EDCC2083-5F0E-42AD-B384-880963DE49A2}.Release|Any CPU.ActiveCfg = Release|Any CPU
		{EDCC2083-5F0E-42AD-B384-880963DE49A2}.Release|Any CPU.Build.0 = Release|Any CPU
		{78C552DA-0A39-4E6B-BA55-602CC3F9FF36}.Debug|Any CPU.ActiveCfg = Debug|Any CPU
		{78C552DA-0A39-4E6B-BA55-602CC3F9FF36}.Debug|Any CPU.Build.0 = Debug|Any CPU
		{78C552DA-0A39-4E6B-BA55-602CC3F9FF36}.Release|Any CPU.ActiveCfg = Release|Any CPU
		{78C552DA-0A39-4E6B-BA55-602CC3F9FF36}.Release|Any CPU.Build.0 = Release|Any CPU
	EndGlobalSection
	GlobalSection(SolutionProperties) = preSolution
		HideSolutionNode = FALSE
	EndGlobalSection
	GlobalSection(ExtensibilityGlobals) = postSolution
		SolutionGuid = {4896864C-33DB-4161-8CE3-3CFAA9290AC1}
	EndGlobalSection
EndGlobal
